
Microsoft Visual Studio Solution File, Format Version 12.00
# Visual Studio Express 2012 for Windows Desktop
Project("{FAE04EC0-301F-11D3-BF4B-00C04F79EFBC}") = "task_DEV-3", "task_DEV-3\task_DEV-3.csproj", "{7D1BAE61-B5BD-4D53-BEEA-99FFCDFAB284}"
EndProject
Project("{FAE04EC0-301F-11D3-BF4B-00C04F79EFBC}") = "task_DEV-1", "task_DEV-1\task_DEV-1.csproj", "{B4C63DCF-E055-4F0B-99E8-D9432288A9FD}"
EndProject
Project("{FAE04EC0-301F-11D3-BF4B-00C04F79EFBC}") = "task_DEV-4", "task_DEV-4\task_DEV-4.csproj", "{7B349392-9D04-4B14-A8C5-13239AB07650}"
EndProject
Project("{FAE04EC0-301F-11D3-BF4B-00C04F79EFBC}") = "task_DEV-substrings", "task_DEV-substrings\task_DEV-substrings.csproj", "{06CB76AD-F507-413B-B151-BECFECF0F737}"
EndProject
Global
	GlobalSection(SolutionConfigurationPlatforms) = preSolution
		Debug|Any CPU = Debug|Any CPU
		Release|Any CPU = Release|Any CPU
	EndGlobalSection
	GlobalSection(ProjectConfigurationPlatforms) = postSolution
		{7D1BAE61-B5BD-4D53-BEEA-99FFCDFAB284}.Debug|Any CPU.ActiveCfg = Debug|Any CPU
		{7D1BAE61-B5BD-4D53-BEEA-99FFCDFAB284}.Debug|Any CPU.Build.0 = Debug|Any CPU
		{7D1BAE61-B5BD-4D53-BEEA-99FFCDFAB284}.Release|Any CPU.ActiveCfg = Release|Any CPU
		{7D1BAE61-B5BD-4D53-BEEA-99FFCDFAB284}.Release|Any CPU.Build.0 = Release|Any CPU
		{B4C63DCF-E055-4F0B-99E8-D9432288A9FD}.Debug|Any CPU.ActiveCfg = Debug|Any CPU
		{B4C63DCF-E055-4F0B-99E8-D9432288A9FD}.Debug|Any CPU.Build.0 = Debug|Any CPU
		{B4C63DCF-E055-4F0B-99E8-D9432288A9FD}.Release|Any CPU.ActiveCfg = Release|Any CPU
		{B4C63DCF-E055-4F0B-99E8-D9432288A9FD}.Release|Any CPU.Build.0 = Release|Any CPU
		{7B349392-9D04-4B14-A8C5-13239AB07650}.Debug|Any CPU.ActiveCfg = Debug|Any CPU
		{7B349392-9D04-4B14-A8C5-13239AB07650}.Debug|Any CPU.Build.0 = Debug|Any CPU
		{7B349392-9D04-4B14-A8C5-13239AB07650}.Release|Any CPU.ActiveCfg = Release|Any CPU
		{7B349392-9D04-4B14-A8C5-13239AB07650}.Release|Any CPU.Build.0 = Release|Any CPU
		{06CB76AD-F507-413B-B151-BECFECF0F737}.Debug|Any CPU.ActiveCfg = Debug|Any CPU
		{06CB76AD-F507-413B-B151-BECFECF0F737}.Debug|Any CPU.Build.0 = Debug|Any CPU
		{06CB76AD-F507-413B-B151-BECFECF0F737}.Release|Any CPU.ActiveCfg = Release|Any CPU
		{06CB76AD-F507-413B-B151-BECFECF0F737}.Release|Any CPU.Build.0 = Release|Any CPU
	EndGlobalSection
	GlobalSection(SolutionProperties) = preSolution
		HideSolutionNode = FALSE
	EndGlobalSection
EndGlobal
